// !$*UTF8*$!
{
	archiveVersion = 1;
	classes = {
	};
	objectVersion = 56;
	objects = {

/* Begin PBXBuildFile section */
		E7D4A85F2AA8F83E0037C4E7 /* Card.cpp in Sources */ = {isa = PBXBuildFile; fileRef = E7D4A85E2AA8F83E0037C4E7 /* Card.cpp */; };
		E7D4A8682AA8F99F0037C4E7 /* Transaction.cpp in Sources */ = {isa = PBXBuildFile; fileRef = E7D4A8672AA8F99F0037C4E7 /* Transaction.cpp */; };
		E7D4A86A2AA8F9B70037C4E7 /* main.cpp in Sources */ = {isa = PBXBuildFile; fileRef = E7D4A8692AA8F9B70037C4E7 /* main.cpp */; };
		E7D4A86D2AA8FBBE0037C4E7 /* Wallet.cpp in Sources */ = {isa = PBXBuildFile; fileRef = E7D4A86B2AA8FBBE0037C4E7 /* Wallet.cpp */; };
/* End PBXBuildFile section */

/* Begin PBXCopyFilesBuildPhase section */
		E7D4A8592AA8F83E0037C4E7 /* CopyFiles */ = {
			isa = PBXCopyFilesBuildPhase;
			buildActionMask = 2147483647;
			dstPath = /usr/share/man/man1/;
			dstSubfolderSpec = 0;
			files = (
			);
			runOnlyForDeploymentPostprocessing = 1;
		};
/* End PBXCopyFilesBuildPhase section */

/* Begin PBXFileReference section */
		E7D4A85B2AA8F83E0037C4E7 /* End */ = {isa = PBXFileReference; explicitFileType = "compiled.mach-o.executable"; includeInIndex = 0; path = End; sourceTree = BUILT_PRODUCTS_DIR; };
		E7D4A85E2AA8F83E0037C4E7 /* Card.cpp */ = {isa = PBXFileReference; lastKnownFileType = sourcecode.cpp.cpp; path = Card.cpp; sourceTree = "<group>"; };
		E7D4A8652AA8F9710037C4E7 /* Card.h */ = {isa = PBXFileReference; lastKnownFileType = sourcecode.c.h; path = Card.h; sourceTree = "<group>"; };
		E7D4A8662AA8F97E0037C4E7 /* Transaction.h */ = {isa = PBXFileReference; lastKnownFileType = sourcecode.c.h; path = Transaction.h; sourceTree = "<group>"; };
		E7D4A8672AA8F99F0037C4E7 /* Transaction.cpp */ = {isa = PBXFileReference; lastKnownFileType = sourcecode.cpp.cpp; path = Transaction.cpp; sourceTree = "<group>"; };
		E7D4A8692AA8F9B70037C4E7 /* main.cpp */ = {isa = PBXFileReference; lastKnownFileType = sourcecode.cpp.cpp; path = main.cpp; sourceTree = "<group>"; };
		E7D4A86B2AA8FBBE0037C4E7 /* Wallet.cpp */ = {isa = PBXFileReference; lastKnownFileType = sourcecode.cpp.cpp; path = Wallet.cpp; sourceTree = "<group>"; };
		E7D4A86E2AA8FC040037C4E7 /* Wallet.h */ = {isa = PBXFileReference; lastKnownFileType = sourcecode.c.h; path = Wallet.h; sourceTree = "<group>"; };
/* End PBXFileReference section */

/* Begin PBXFrameworksBuildPhase section */
		E7D4A8582AA8F83E0037C4E7 /* Frameworks */ = {
			isa = PBXFrameworksBuildPhase;
			buildActionMask = 2147483647;
			files = (
			);
			runOnlyForDeploymentPostprocessing = 0;
		};
/* End PBXFrameworksBuildPhase section */

/* Begin PBXGroup section */
		E7D4A8522AA8F83E0037C4E7 = {
			isa = PBXGroup;
			children = (
				E7D4A85D2AA8F83E0037C4E7 /* End */,
				E7D4A85C2AA8F83E0037C4E7 /* Products */,
			);
			sourceTree = "<group>";
		};
		E7D4A85C2AA8F83E0037C4E7 /* Products */ = {
			isa = PBXGroup;
			children = (
				E7D4A85B2AA8F83E0037C4E7 /* End */,
			);
			name = Products;
			sourceTree = "<group>";
		};
		E7D4A85D2AA8F83E0037C4E7 /* End */ = {
			isa = PBXGroup;
			children = (
				E7D4A85E2AA8F83E0037C4E7 /* Card.cpp */,
				E7D4A8652AA8F9710037C4E7 /* Card.h */,
				E7D4A8662AA8F97E0037C4E7 /* Transaction.h */,
				E7D4A8672AA8F99F0037C4E7 /* Transaction.cpp */,
				E7D4A8692AA8F9B70037C4E7 /* main.cpp */,
				E7D4A86B2AA8FBBE0037C4E7 /* Wallet.cpp */,
				E7D4A86E2AA8FC040037C4E7 /* Wallet.h */,
			);
			path = End;
			sourceTree = "<group>";
		};
/* End PBXGroup section */

/* Begin PBXNativeTarget section */
		E7D4A85A2AA8F83E0037C4E7 /* End */ = {
			isa = PBXNativeTarget;
			buildConfigurationList = E7D4A8622AA8F83E0037C4E7 /* Build configuration list for PBXNativeTarget "End" */;
			buildPhases = (
				E7D4A8572AA8F83E0037C4E7 /* Sources */,
				E7D4A8582AA8F83E0037C4E7 /* Frameworks */,
				E7D4A8592AA8F83E0037C4E7 /* CopyFiles */,
			);
			buildRules = (
			);
			dependencies = (
			);
			name = End;
			productName = End;
			productReference = E7D4A85B2AA8F83E0037C4E7 /* End */;
			productType = "com.apple.product-type.tool";
		};
/* End PBXNativeTarget section */

/* Begin PBXProject section */
		E7D4A8532AA8F83E0037C4E7 /* Project object */ = {
			isa = PBXProject;
			attributes = {
				BuildIndependentTargetsInParallel = 1;
				LastUpgradeCheck = 1430;
				TargetAttributes = {
					E7D4A85A2AA8F83E0037C4E7 = {
						CreatedOnToolsVersion = 14.3.1;
					};
				};
			};
			buildConfigurationList = E7D4A8562AA8F83E0037C4E7 /* Build configuration list for PBXProject "End" */;
			compatibilityVersion = "Xcode 14.0";
			developmentRegion = en;
			hasScannedForEncodings = 0;
			knownRegions = (
				en,
				Base,
			);
			mainGroup = E7D4A8522AA8F83E0037C4E7;
			productRefGroup = E7D4A85C2AA8F83E0037C4E7 /* Products */;
			projectDirPath = "";
			projectRoot = "";
			targets = (
				E7D4A85A2AA8F83E0037C4E7 /* End */,
			);
		};
/* End PBXProject section */

/* Begin PBXSourcesBuildPhase section */
		E7D4A8572AA8F83E0037C4E7 /* Sources */ = {
			isa = PBXSourcesBuildPhase;
			buildActionMask = 2147483647;
			files = (
				E7D4A86D2AA8FBBE0037C4E7 /* Wallet.cpp in Sources */,
				E7D4A8682AA8F99F0037C4E7 /* Transaction.cpp in Sources */,
				E7D4A85F2AA8F83E0037C4E7 /* Card.cpp in Sources */,
				E7D4A86A2AA8F9B70037C4E7 /* main.cpp in Sources */,
			);
			runOnlyForDeploymentPostprocessing = 0;
		};
/* End PBXSourcesBuildPhase section */

/* Begin XCBuildConfiguration section */
		E7D4A8602AA8F83E0037C4E7 /* Debug */ = {
			isa = XCBuildConfiguration;
			buildSettings = {
				ALWAYS_SEARCH_USER_PATHS = NO;
				CLANG_ANALYZER_NONNULL = YES;
				CLANG_ANALYZER_NUMBER_OBJECT_CONVERSION = YES_AGGRESSIVE;
				CLANG_CXX_LANGUAGE_STANDARD = "gnu++20";
				CLANG_ENABLE_MODULES = YES;
				CLANG_ENABLE_OBJC_ARC = YES;
				CLANG_ENABLE_OBJC_WEAK = YES;
				CLANG_WARN_BLOCK_CAPTURE_AUTORELEASING = YES;
				CLANG_WARN_BOOL_CONVERSION = YES;
				CLANG_WARN_COMMA = YES;
				CLANG_WARN_CONSTANT_CONVERSION = YES;
				CLANG_WARN_DEPRECATED_OBJC_IMPLEMENTATIONS = YES;
				CLANG_WARN_DIRECT_OBJC_ISA_USAGE = YES_ERROR;
				CLANG_WARN_DOCUMENTATION_COMMENTS = YES;
				CLANG_WARN_EMPTY_BODY = YES;
				CLANG_WARN_ENUM_CONVERSION = YES;
				CLANG_WARN_INFINITE_RECURSION = YES;
				CLANG_WARN_INT_CONVERSION = YES;
				CLANG_WARN_NON_LITERAL_NULL_CONVERSION = YES;
				CLANG_WARN_OBJC_IMPLICIT_RETAIN_SELF = YES;
				CLANG_WARN_OBJC_LITERAL_CONVERSION = YES;
				CLANG_WARN_OBJC_ROOT_CLASS = YES_ERROR;
				CLANG_WARN_QUOTED_INCLUDE_IN_FRAMEWORK_HEADER = YES;
				CLANG_WARN_RANGE_LOOP_ANALYSIS = YES;
				CLANG_WARN_STRICT_PROTOTYPES = YES;
				CLANG_WARN_SUSPICIOUS_MOVE = YES;
				CLANG_WARN_UNGUARDED_AVAILABILITY = YES_AGGRESSIVE;
				CLANG_WARN_UNREACHABLE_CODE = YES;
				CLANG_WARN__DUPLICATE_METHOD_MATCH = YES;
				COPY_PHASE_STRIP = NO;
				DEBUG_INFORMATION_FORMAT = dwarf;
				ENABLE_STRICT_OBJC_MSGSEND = YES;
				ENABLE_TESTABILITY = YES;
				GCC_C_LANGUAGE_STANDARD = gnu11;
				GCC_DYNAMIC_NO_PIC = NO;
				GCC_NO_COMMON_BLOCKS = YES;
				GCC_OPTIMIZATION_LEVEL = 0;
				GCC_PREPROCESSOR_DEFINITIONS = (
					"DEBUG=1",
					"$(inherited)",
				);
				GCC_WARN_64_TO_32_BIT_CONVERSION = YES;
				GCC_WARN_ABOUT_RETURN_TYPE = YES_ERROR;
				GCC_WARN_UNDECLARED_SELECTOR = YES;
				GCC_WARN_UNINITIALIZED_AUTOS = YES_AGGRESSIVE;
				GCC_WARN_UNUSED_FUNCTION = YES;
				GCC_WARN_UNUSED_VARIABLE = YES;
				MACOSX_DEPLOYMENT_TARGET = 13.3;
				MTL_ENABLE_DEBUG_INFO = INCLUDE_SOURCE;
				MTL_FAST_MATH = YES;
				ONLY_ACTIVE_ARCH = YES;
				SDKROOT = macosx;
			};
			name = Debug;
		};
		E7D4A8612AA8F83E0037C4E7 /* Release */ = {
			isa = XCBuildConfiguration;
			buildSettings = {
				ALWAYS_SEARCH_USER_PATHS = NO;
				CLANG_ANALYZER_NONNULL = YES;
				CLANG_ANALYZER_NUMBER_OBJECT_CONVERSION = YES_AGGRESSIVE;
				CLANG_CXX_LANGUAGE_STANDARD = "gnu++20";
				CLANG_ENABLE_MODULES = YES;
				CLANG_ENABLE_OBJC_ARC = YES;
				CLANG_ENABLE_OBJC_WEAK = YES;
				CLANG_WARN_BLOCK_CAPTURE_AUTORELEASING = YES;
				CLANG_WARN_BOOL_CONVERSION = YES;
				CLANG_WARN_COMMA = YES;
				CLANG_WARN_CONSTANT_CONVERSION = YES;
				CLANG_WARN_DEPRECATED_OBJC_IMPLEMENTATIONS = YES;
				CLANG_WARN_DIRECT_OBJC_ISA_USAGE = YES_ERROR;
				CLANG_WARN_DOCUMENTATION_COMMENTS = YES;
				CLANG_WARN_EMPTY_BODY = YES;
				CLANG_WARN_ENUM_CONVERSION = YES;
				CLANG_WARN_INFINITE_RECURSION = YES;
				CLANG_WARN_INT_CONVERSION = YES;
				CLANG_WARN_NON_LITERAL_NULL_CONVERSION = YES;
				CLANG_WARN_OBJC_IMPLICIT_RETAIN_SELF = YES;
				CLANG_WARN_OBJC_LITERAL_CONVERSION = YES;
				CLANG_WARN_OBJC_ROOT_CLASS = YES_ERROR;
				CLANG_WARN_QUOTED_INCLUDE_IN_FRAMEWORK_HEADER = YES;
				CLANG_WARN_RANGE_LOOP_ANALYSIS = YES;
				CLANG_WARN_STRICT_PROTOTYPES = YES;
				CLANG_WARN_SUSPICIOUS_MOVE = YES;
				CLANG_WARN_UNGUARDED_AVAILABILITY = YES_AGGRESSIVE;
				CLANG_WARN_UNREACHABLE_CODE = YES;
				CLANG_WARN__DUPLICATE_METHOD_MATCH = YES;
				COPY_PHASE_STRIP = NO;
				DEBUG_INFORMATION_FORMAT = "dwarf-with-dsym";
				ENABLE_NS_ASSERTIONS = NO;
				ENABLE_STRICT_OBJC_MSGSEND = YES;
				GCC_C_LANGUAGE_STANDARD = gnu11;
				GCC_NO_COMMON_BLOCKS = YES;
				GCC_WARN_64_TO_32_BIT_CONVERSION = YES;
				GCC_WARN_ABOUT_RETURN_TYPE = YES_ERROR;
				GCC_WARN_UNDECLARED_SELECTOR = YES;
				GCC_WARN_UNINITIALIZED_AUTOS = YES_AGGRESSIVE;
				GCC_WARN_UNUSED_FUNCTION = YES;
				GCC_WARN_UNUSED_VARIABLE = YES;
				MACOSX_DEPLOYMENT_TARGET = 13.3;
				MTL_ENABLE_DEBUG_INFO = NO;
				MTL_FAST_MATH = YES;
				SDKROOT = macosx;
			};
			name = Release;
		};
		E7D4A8632AA8F83E0037C4E7 /* Debug */ = {
			isa = XCBuildConfiguration;
			buildSettings = {
				CODE_SIGN_STYLE = Automatic;
				PRODUCT_NAME = "$(TARGET_NAME)";
			};
			name = Debug;
		};
		E7D4A8642AA8F83E0037C4E7 /* Release */ = {
			isa = XCBuildConfiguration;
			buildSettings = {
				CODE_SIGN_STYLE = Automatic;
				PRODUCT_NAME = "$(TARGET_NAME)";
			};
			name = Release;
		};
/* End XCBuildConfiguration section */

/* Begin XCConfigurationList section */
		E7D4A8562AA8F83E0037C4E7 /* Build configuration list for PBXProject "End" */ = {
			isa = XCConfigurationList;
			buildConfigurations = (
				E7D4A8602AA8F83E0037C4E7 /* Debug */,
				E7D4A8612AA8F83E0037C4E7 /* Release */,
			);
			defaultConfigurationIsVisible = 0;
			defaultConfigurationName = Release;
		};
		E7D4A8622AA8F83E0037C4E7 /* Build configuration list for PBXNativeTarget "End" */ = {
			isa = XCConfigurationList;
			buildConfigurations = (
				E7D4A8632AA8F83E0037C4E7 /* Debug */,
				E7D4A8642AA8F83E0037C4E7 /* Release */,
			);
			defaultConfigurationIsVisible = 0;
			defaultConfigurationName = Release;
		};
/* End XCConfigurationList section */
	};
	rootObject = E7D4A8532AA8F83E0037C4E7 /* Project object */;
}
